// !$*UTF8*$!
{
	archiveVersion = 1;
	classes = {
	};
	objectVersion = 50;
	objects = {

/* Begin PBXBuildFile section */
		D542D0AE251619E50003F5D4 /* AppDelegate.swift in Sources */ = {isa = PBXBuildFile; fileRef = D542D0AD251619E50003F5D4 /* AppDelegate.swift */; };
		D542D0B0251619E50003F5D4 /* SceneDelegate.swift in Sources */ = {isa = PBXBuildFile; fileRef = D542D0AF251619E50003F5D4 /* SceneDelegate.swift */; };
		D542D0B2251619E50003F5D4 /* ViewController.swift in Sources */ = {isa = PBXBuildFile; fileRef = D542D0B1251619E50003F5D4 /* ViewController.swift */; };
		D542D0B5251619E50003F5D4 /* Main.storyboard in Resources */ = {isa = PBXBuildFile; fileRef = D542D0B3251619E50003F5D4 /* Main.storyboard */; };
		D542D0B7251619E80003F5D4 /* Assets.xcassets in Resources */ = {isa = PBXBuildFile; fileRef = D542D0B6251619E80003F5D4 /* Assets.xcassets */; };
		D542D0BA251619E80003F5D4 /* LaunchScreen.storyboard in Resources */ = {isa = PBXBuildFile; fileRef = D542D0B8251619E80003F5D4 /* LaunchScreen.storyboard */; };
		D542D0C5251619E80003F5D4 /* TechMon200919Tests.swift in Sources */ = {isa = PBXBuildFile; fileRef = D542D0C4251619E80003F5D4 /* TechMon200919Tests.swift */; };
		D542D0D0251619E80003F5D4 /* TechMon200919UITests.swift in Sources */ = {isa = PBXBuildFile; fileRef = D542D0CF251619E80003F5D4 /* TechMon200919UITests.swift */; };
		D542D0F325161A3F0003F5D4 /* lobby.png in Resources */ = {isa = PBXBuildFile; fileRef = D542D0DF25161A3F0003F5D4 /* lobby.png */; };
		D542D0F425161A3F0003F5D4 /* battlebg.png in Resources */ = {isa = PBXBuildFile; fileRef = D542D0E025161A3F0003F5D4 /* battlebg.png */; };
		D542D0F525161A3F0003F5D4 /* bgimage.jpg in Resources */ = {isa = PBXBuildFile; fileRef = D542D0E125161A3F0003F5D4 /* bgimage.jpg */; };
		D542D0F625161A3F0003F5D4 /* waku.png in Resources */ = {isa = PBXBuildFile; fileRef = D542D0E225161A3F0003F5D4 /* waku.png */; };
		D542D0F725161A3F0003F5D4 /* gold_button.png in Resources */ = {isa = PBXBuildFile; fileRef = D542D0E325161A3F0003F5D4 /* gold_button.png */; };
		D542D0F825161A3F0003F5D4 /* yusya.png in Resources */ = {isa = PBXBuildFile; fileRef = D542D0E425161A3F0003F5D4 /* yusya.png */; };
		D542D0F925161A3F0003F5D4 /* monster.png in Resources */ = {isa = PBXBuildFile; fileRef = D542D0E525161A3F0003F5D4 /* monster.png */; };
		D542D0FA25161A3F0003F5D4 /* TechMonManager.swift in Sources */ = {isa = PBXBuildFile; fileRef = D542D0E725161A3F0003F5D4 /* TechMonManager.swift */; };
		D542D0FB25161A3F0003F5D4 /* Character.swift in Sources */ = {isa = PBXBuildFile; fileRef = D542D0E825161A3F0003F5D4 /* Character.swift */; };
		D542D0FC25161A3F0003F5D4 /* SE_fanfare.mp3 in Resources */ = {isa = PBXBuildFile; fileRef = D542D0EA25161A3F0003F5D4 /* SE_fanfare.mp3 */; };
		D542D0FD25161A3F0003F5D4 /* BGM_battle001.mp3 in Resources */ = {isa = PBXBuildFile; fileRef = D542D0EB25161A3F0003F5D4 /* BGM_battle001.mp3 */; };
		D542D0FE25161A3F0003F5D4 /* SE_fire.mp3 in Resources */ = {isa = PBXBuildFile; fileRef = D542D0EC25161A3F0003F5D4 /* SE_fire.mp3 */; };
		D542D0FF25161A3F0003F5D4 /* SE_attack.mp3 in Resources */ = {isa = PBXBuildFile; fileRef = D542D0ED25161A3F0003F5D4 /* SE_attack.mp3 */; };
		D542D10025161A3F0003F5D4 /* SE_gameover.mp3 in Resources */ = {isa = PBXBuildFile; fileRef = D542D0EE25161A3F0003F5D4 /* SE_gameover.mp3 */; };
		D542D10125161A3F0003F5D4 /* SE_charge.mp3 in Resources */ = {isa = PBXBuildFile; fileRef = D542D0EF25161A3F0003F5D4 /* SE_charge.mp3 */; };
		D542D10225161A3F0003F5D4 /* lobby.mp3 in Resources */ = {isa = PBXBuildFile; fileRef = D542D0F025161A3F0003F5D4 /* lobby.mp3 */; };
		D542D10325161A3F0003F5D4 /* misaki_gothic.ttf in Resources */ = {isa = PBXBuildFile; fileRef = D542D0F225161A3F0003F5D4 /* misaki_gothic.ttf */; };
		D542D105251620640003F5D4 /* LobbyViewController.swift in Sources */ = {isa = PBXBuildFile; fileRef = D542D104251620640003F5D4 /* LobbyViewController.swift */; };
		D5E0A9BC251680EC000E1164 /* BattleViewController.swift in Sources */ = {isa = PBXBuildFile; fileRef = D5E0A9BB251680EC000E1164 /* BattleViewController.swift */; };
/* End PBXBuildFile section */

/* Begin PBXContainerItemProxy section */
		D542D0C1251619E80003F5D4 /* PBXContainerItemProxy */ = {
			isa = PBXContainerItemProxy;
			containerPortal = D542D0A2251619E50003F5D4 /* Project object */;
			proxyType = 1;
			remoteGlobalIDString = D542D0A9251619E50003F5D4;
			remoteInfo = TechMon200919;
		};
		D542D0CC251619E80003F5D4 /* PBXContainerItemProxy */ = {
			isa = PBXContainerItemProxy;
			containerPortal = D542D0A2251619E50003F5D4 /* Project object */;
			proxyType = 1;
			remoteGlobalIDString = D542D0A9251619E50003F5D4;
			remoteInfo = TechMon200919;
		};
/* End PBXContainerItemProxy section */

/* Begin PBXFileReference section */
		D542D0AA251619E50003F5D4 /* TechMon200919.app */ = {isa = PBXFileReference; explicitFileType = wrapper.application; includeInIndex = 0; path = TechMon200919.app; sourceTree = BUILT_PRODUCTS_DIR; };
		D542D0AD251619E50003F5D4 /* AppDelegate.swift */ = {isa = PBXFileReference; lastKnownFileType = sourcecode.swift; path = AppDelegate.swift; sourceTree = "<group>"; };
		D542D0AF251619E50003F5D4 /* SceneDelegate.swift */ = {isa = PBXFileReference; lastKnownFileType = sourcecode.swift; path = SceneDelegate.swift; sourceTree = "<group>"; };
		D542D0B1251619E50003F5D4 /* ViewController.swift */ = {isa = PBXFileReference; lastKnownFileType = sourcecode.swift; path = ViewController.swift; sourceTree = "<group>"; };
		D542D0B4251619E50003F5D4 /* Base */ = {isa = PBXFileReference; lastKnownFileType = file.storyboard; name = Base; path = Base.lproj/Main.storyboard; sourceTree = "<group>"; };
		D542D0B6251619E80003F5D4 /* Assets.xcassets */ = {isa = PBXFileReference; lastKnownFileType = folder.assetcatalog; path = Assets.xcassets; sourceTree = "<group>"; };
		D542D0B9251619E80003F5D4 /* Base */ = {isa = PBXFileReference; lastKnownFileType = file.storyboard; name = Base; path = Base.lproj/LaunchScreen.storyboard; sourceTree = "<group>"; };
		D542D0BB251619E80003F5D4 /* Info.plist */ = {isa = PBXFileReference; lastKnownFileType = text.plist.xml; path = Info.plist; sourceTree = "<group>"; };
		D542D0C0251619E80003F5D4 /* TechMon200919Tests.xctest */ = {isa = PBXFileReference; explicitFileType = wrapper.cfbundle; includeInIndex = 0; path = TechMon200919Tests.xctest; sourceTree = BUILT_PRODUCTS_DIR; };
		D542D0C4251619E80003F5D4 /* TechMon200919Tests.swift */ = {isa = PBXFileReference; lastKnownFileType = sourcecode.swift; path = TechMon200919Tests.swift; sourceTree = "<group>"; };
		D542D0C6251619E80003F5D4 /* Info.plist */ = {isa = PBXFileReference; lastKnownFileType = text.plist.xml; path = Info.plist; sourceTree = "<group>"; };
		D542D0CB251619E80003F5D4 /* TechMon200919UITests.xctest */ = {isa = PBXFileReference; explicitFileType = wrapper.cfbundle; includeInIndex = 0; path = TechMon200919UITests.xctest; sourceTree = BUILT_PRODUCTS_DIR; };
		D542D0CF251619E80003F5D4 /* TechMon200919UITests.swift */ = {isa = PBXFileReference; lastKnownFileType = sourcecode.swift; path = TechMon200919UITests.swift; sourceTree = "<group>"; };
		D542D0D1251619E90003F5D4 /* Info.plist */ = {isa = PBXFileReference; lastKnownFileType = text.plist.xml; path = Info.plist; sourceTree = "<group>"; };
		D542D0DF25161A3F0003F5D4 /* lobby.png */ = {isa = PBXFileReference; lastKnownFileType = image.png; path = lobby.png; sourceTree = "<group>"; };
		D542D0E025161A3F0003F5D4 /* battlebg.png */ = {isa = PBXFileReference; lastKnownFileType = image.png; path = battlebg.png; sourceTree = "<group>"; };
		D542D0E125161A3F0003F5D4 /* bgimage.jpg */ = {isa = PBXFileReference; lastKnownFileType = image.jpeg; path = bgimage.jpg; sourceTree = "<group>"; };
		D542D0E225161A3F0003F5D4 /* waku.png */ = {isa = PBXFileReference; lastKnownFileType = image.png; path = waku.png; sourceTree = "<group>"; };
		D542D0E325161A3F0003F5D4 /* gold_button.png */ = {isa = PBXFileReference; lastKnownFileType = image.png; path = gold_button.png; sourceTree = "<group>"; };
		D542D0E425161A3F0003F5D4 /* yusya.png */ = {isa = PBXFileReference; lastKnownFileType = image.png; path = yusya.png; sourceTree = "<group>"; };
		D542D0E525161A3F0003F5D4 /* monster.png */ = {isa = PBXFileReference; lastKnownFileType = image.png; path = monster.png; sourceTree = "<group>"; };
		D542D0E725161A3F0003F5D4 /* TechMonManager.swift */ = {isa = PBXFileReference; fileEncoding = 4; lastKnownFileType = sourcecode.swift; path = TechMonManager.swift; sourceTree = "<group>"; };
		D542D0E825161A3F0003F5D4 /* Character.swift */ = {isa = PBXFileReference; fileEncoding = 4; lastKnownFileType = sourcecode.swift; path = Character.swift; sourceTree = "<group>"; };
		D542D0EA25161A3F0003F5D4 /* SE_fanfare.mp3 */ = {isa = PBXFileReference; lastKnownFileType = audio.mp3; path = SE_fanfare.mp3; sourceTree = "<group>"; };
		D542D0EB25161A3F0003F5D4 /* BGM_battle001.mp3 */ = {isa = PBXFileReference; lastKnownFileType = audio.mp3; path = BGM_battle001.mp3; sourceTree = "<group>"; };
		D542D0EC25161A3F0003F5D4 /* SE_fire.mp3 */ = {isa = PBXFileReference; lastKnownFileType = audio.mp3; path = SE_fire.mp3; sourceTree = "<group>"; };
		D542D0ED25161A3F0003F5D4 /* SE_attack.mp3 */ = {isa = PBXFileReference; lastKnownFileType = audio.mp3; path = SE_attack.mp3; sourceTree = "<group>"; };
		D542D0EE25161A3F0003F5D4 /* SE_gameover.mp3 */ = {isa = PBXFileReference; lastKnownFileType = audio.mp3; path = SE_gameover.mp3; sourceTree = "<group>"; };
		D542D0EF25161A3F0003F5D4 /* SE_charge.mp3 */ = {isa = PBXFileReference; lastKnownFileType = audio.mp3; path = SE_charge.mp3; sourceTree = "<group>"; };
		D542D0F025161A3F0003F5D4 /* lobby.mp3 */ = {isa = PBXFileReference; lastKnownFileType = audio.mp3; path = lobby.mp3; sourceTree = "<group>"; };
		D542D0F225161A3F0003F5D4 /* misaki_gothic.ttf */ = {isa = PBXFileReference; lastKnownFileType = file; path = misaki_gothic.ttf; sourceTree = "<group>"; };
		D542D104251620640003F5D4 /* LobbyViewController.swift */ = {isa = PBXFileReference; lastKnownFileType = sourcecode.swift; path = LobbyViewController.swift; sourceTree = "<group>"; };
		D5E0A9BB251680EC000E1164 /* BattleViewController.swift */ = {isa = PBXFileReference; lastKnownFileType = sourcecode.swift; path = BattleViewController.swift; sourceTree = "<group>"; };
/* End PBXFileReference section */

/* Begin PBXFrameworksBuildPhase section */
		D542D0A7251619E50003F5D4 /* Frameworks */ = {
			isa = PBXFrameworksBuildPhase;
			buildActionMask = 2147483647;
			files = (
			);
			runOnlyForDeploymentPostprocessing = 0;
		};
		D542D0BD251619E80003F5D4 /* Frameworks */ = {
			isa = PBXFrameworksBuildPhase;
			buildActionMask = 2147483647;
			files = (
			);
			runOnlyForDeploymentPostprocessing = 0;
		};
		D542D0C8251619E80003F5D4 /* Frameworks */ = {
			isa = PBXFrameworksBuildPhase;
			buildActionMask = 2147483647;
			files = (
			);
			runOnlyForDeploymentPostprocessing = 0;
		};
/* End PBXFrameworksBuildPhase section */

/* Begin PBXGroup section */
		D542D0A1251619E50003F5D4 = {
			isa = PBXGroup;
			children = (
				D542D0AC251619E50003F5D4 /* TechMon200919 */,
				D542D0C3251619E80003F5D4 /* TechMon200919Tests */,
				D542D0CE251619E80003F5D4 /* TechMon200919UITests */,
				D542D0AB251619E50003F5D4 /* Products */,
			);
			sourceTree = "<group>";
		};
		D542D0AB251619E50003F5D4 /* Products */ = {
			isa = PBXGroup;
			children = (
				D542D0AA251619E50003F5D4 /* TechMon200919.app */,
				D542D0C0251619E80003F5D4 /* TechMon200919Tests.xctest */,
				D542D0CB251619E80003F5D4 /* TechMon200919UITests.xctest */,
			);
			name = Products;
			sourceTree = "<group>";
		};
		D542D0AC251619E50003F5D4 /* TechMon200919 */ = {
			isa = PBXGroup;
			children = (
				D542D0DD25161A3F0003F5D4 /* TechMon_Resource */,
				D542D0AD251619E50003F5D4 /* AppDelegate.swift */,
				D542D0AF251619E50003F5D4 /* SceneDelegate.swift */,
				D542D0B1251619E50003F5D4 /* ViewController.swift */,
				D542D0B3251619E50003F5D4 /* Main.storyboard */,
				D542D0B6251619E80003F5D4 /* Assets.xcassets */,
				D542D0B8251619E80003F5D4 /* LaunchScreen.storyboard */,
				D542D0BB251619E80003F5D4 /* Info.plist */,
				D542D104251620640003F5D4 /* LobbyViewController.swift */,
				D5E0A9BB251680EC000E1164 /* BattleViewController.swift */,
			);
			path = TechMon200919;
			sourceTree = "<group>";
		};
		D542D0C3251619E80003F5D4 /* TechMon200919Tests */ = {
			isa = PBXGroup;
			children = (
				D542D0C4251619E80003F5D4 /* TechMon200919Tests.swift */,
				D542D0C6251619E80003F5D4 /* Info.plist */,
			);
			path = TechMon200919Tests;
			sourceTree = "<group>";
		};
		D542D0CE251619E80003F5D4 /* TechMon200919UITests */ = {
			isa = PBXGroup;
			children = (
				D542D0CF251619E80003F5D4 /* TechMon200919UITests.swift */,
				D542D0D1251619E90003F5D4 /* Info.plist */,
			);
			path = TechMon200919UITests;
			sourceTree = "<group>";
		};
		D542D0DD25161A3F0003F5D4 /* TechMon_Resource */ = {
			isa = PBXGroup;
			children = (
				D542D0DE25161A3F0003F5D4 /* Images */,
				D542D0E625161A3F0003F5D4 /* Models */,
				D542D0E925161A3F0003F5D4 /* Sounds */,
				D542D0F125161A3F0003F5D4 /* Fonts */,
			);
			path = TechMon_Resource;
			sourceTree = "<group>";
		};
		D542D0DE25161A3F0003F5D4 /* Images */ = {
			isa = PBXGroup;
			children = (
				D542D0DF25161A3F0003F5D4 /* lobby.png */,
				D542D0E025161A3F0003F5D4 /* battlebg.png */,
				D542D0E125161A3F0003F5D4 /* bgimage.jpg */,
				D542D0E225161A3F0003F5D4 /* waku.png */,
				D542D0E325161A3F0003F5D4 /* gold_button.png */,
				D542D0E425161A3F0003F5D4 /* yusya.png */,
				D542D0E525161A3F0003F5D4 /* monster.png */,
			);
			path = Images;
			sourceTree = "<group>";
		};
		D542D0E625161A3F0003F5D4 /* Models */ = {
			isa = PBXGroup;
			children = (
				D542D0E725161A3F0003F5D4 /* TechMonManager.swift */,
				D542D0E825161A3F0003F5D4 /* Character.swift */,
			);
			path = Models;
			sourceTree = "<group>";
		};
		D542D0E925161A3F0003F5D4 /* Sounds */ = {
			isa = PBXGroup;
			children = (
				D542D0EA25161A3F0003F5D4 /* SE_fanfare.mp3 */,
				D542D0EB25161A3F0003F5D4 /* BGM_battle001.mp3 */,
				D542D0EC25161A3F0003F5D4 /* SE_fire.mp3 */,
				D542D0ED25161A3F0003F5D4 /* SE_attack.mp3 */,
				D542D0EE25161A3F0003F5D4 /* SE_gameover.mp3 */,
				D542D0EF25161A3F0003F5D4 /* SE_charge.mp3 */,
				D542D0F025161A3F0003F5D4 /* lobby.mp3 */,
			);
			path = Sounds;
			sourceTree = "<group>";
		};
		D542D0F125161A3F0003F5D4 /* Fonts */ = {
			isa = PBXGroup;
			children = (
				D542D0F225161A3F0003F5D4 /* misaki_gothic.ttf */,
			);
			path = Fonts;
			sourceTree = "<group>";
		};
/* End PBXGroup section */

/* Begin PBXNativeTarget section */
		D542D0A9251619E50003F5D4 /* TechMon200919 */ = {
			isa = PBXNativeTarget;
			buildConfigurationList = D542D0D4251619E90003F5D4 /* Build configuration list for PBXNativeTarget "TechMon200919" */;
			buildPhases = (
				D542D0A6251619E50003F5D4 /* Sources */,
				D542D0A7251619E50003F5D4 /* Frameworks */,
				D542D0A8251619E50003F5D4 /* Resources */,
			);
			buildRules = (
			);
			dependencies = (
			);
			name = TechMon200919;
			productName = TechMon200919;
			productReference = D542D0AA251619E50003F5D4 /* TechMon200919.app */;
			productType = "com.apple.product-type.application";
		};
		D542D0BF251619E80003F5D4 /* TechMon200919Tests */ = {
			isa = PBXNativeTarget;
			buildConfigurationList = D542D0D7251619E90003F5D4 /* Build configuration list for PBXNativeTarget "TechMon200919Tests" */;
			buildPhases = (
				D542D0BC251619E80003F5D4 /* Sources */,
				D542D0BD251619E80003F5D4 /* Frameworks */,
				D542D0BE251619E80003F5D4 /* Resources */,
			);
			buildRules = (
			);
			dependencies = (
				D542D0C2251619E80003F5D4 /* PBXTargetDependency */,
			);
			name = TechMon200919Tests;
			productName = TechMon200919Tests;
			productReference = D542D0C0251619E80003F5D4 /* TechMon200919Tests.xctest */;
			productType = "com.apple.product-type.bundle.unit-test";
		};
		D542D0CA251619E80003F5D4 /* TechMon200919UITests */ = {
			isa = PBXNativeTarget;
			buildConfigurationList = D542D0DA251619E90003F5D4 /* Build configuration list for PBXNativeTarget "TechMon200919UITests" */;
			buildPhases = (
				D542D0C7251619E80003F5D4 /* Sources */,
				D542D0C8251619E80003F5D4 /* Frameworks */,
				D542D0C9251619E80003F5D4 /* Resources */,
			);
			buildRules = (
			);
			dependencies = (
				D542D0CD251619E80003F5D4 /* PBXTargetDependency */,
			);
			name = TechMon200919UITests;
			productName = TechMon200919UITests;
			productReference = D542D0CB251619E80003F5D4 /* TechMon200919UITests.xctest */;
			productType = "com.apple.product-type.bundle.ui-testing";
		};
/* End PBXNativeTarget section */

/* Begin PBXProject section */
		D542D0A2251619E50003F5D4 /* Project object */ = {
			isa = PBXProject;
			attributes = {
				LastSwiftUpdateCheck = 1160;
				LastUpgradeCheck = 1160;
				ORGANIZATIONNAME = "Shinya ";
				TargetAttributes = {
					D542D0A9251619E50003F5D4 = {
						CreatedOnToolsVersion = 11.6;
					};
					D542D0BF251619E80003F5D4 = {
						CreatedOnToolsVersion = 11.6;
						TestTargetID = D542D0A9251619E50003F5D4;
					};
					D542D0CA251619E80003F5D4 = {
						CreatedOnToolsVersion = 11.6;
						TestTargetID = D542D0A9251619E50003F5D4;
					};
				};
			};
			buildConfigurationList = D542D0A5251619E50003F5D4 /* Build configuration list for PBXProject "TechMon200919" */;
			compatibilityVersion = "Xcode 9.3";
			developmentRegion = en;
			hasScannedForEncodings = 0;
			knownRegions = (
				en,
				Base,
			);
			mainGroup = D542D0A1251619E50003F5D4;
			productRefGroup = D542D0AB251619E50003F5D4 /* Products */;
			projectDirPath = "";
			projectRoot = "";
			targets = (
				D542D0A9251619E50003F5D4 /* TechMon200919 */,
				D542D0BF251619E80003F5D4 /* TechMon200919Tests */,
				D542D0CA251619E80003F5D4 /* TechMon200919UITests */,
			);
		};
/* End PBXProject section */

/* Begin PBXResourcesBuildPhase section */
		D542D0A8251619E50003F5D4 /* Resources */ = {
			isa = PBXResourcesBuildPhase;
			buildActionMask = 2147483647;
			files = (
				D542D0F825161A3F0003F5D4 /* yusya.png in Resources */,
				D542D0F525161A3F0003F5D4 /* bgimage.jpg in Resources */,
				D542D0F625161A3F0003F5D4 /* waku.png in Resources */,
				D542D0FC25161A3F0003F5D4 /* SE_fanfare.mp3 in Resources */,
				D542D0F325161A3F0003F5D4 /* lobby.png in Resources */,
				D542D0F725161A3F0003F5D4 /* gold_button.png in Resources */,
				D542D0FF25161A3F0003F5D4 /* SE_attack.mp3 in Resources */,
				D542D0BA251619E80003F5D4 /* LaunchScreen.storyboard in Resources */,
				D542D10225161A3F0003F5D4 /* lobby.mp3 in Resources */,
				D542D0B7251619E80003F5D4 /* Assets.xcassets in Resources */,
				D542D10325161A3F0003F5D4 /* misaki_gothic.ttf in Resources */,
				D542D10025161A3F0003F5D4 /* SE_gameover.mp3 in Resources */,
				D542D0F425161A3F0003F5D4 /* battlebg.png in Resources */,
				D542D0FD25161A3F0003F5D4 /* BGM_battle001.mp3 in Resources */,
				D542D10125161A3F0003F5D4 /* SE_charge.mp3 in Resources */,
				D542D0FE25161A3F0003F5D4 /* SE_fire.mp3 in Resources */,
				D542D0F925161A3F0003F5D4 /* monster.png in Resources */,
				D542D0B5251619E50003F5D4 /* Main.storyboard in Resources */,
			);
			runOnlyForDeploymentPostprocessing = 0;
		};
		D542D0BE251619E80003F5D4 /* Resources */ = {
			isa = PBXResourcesBuildPhase;
			buildActionMask = 2147483647;
			files = (
			);
			runOnlyForDeploymentPostprocessing = 0;
		};
		D542D0C9251619E80003F5D4 /* Resources */ = {
			isa = PBXResourcesBuildPhase;
			buildActionMask = 2147483647;
			files = (
			);
			runOnlyForDeploymentPostprocessing = 0;
		};
/* End PBXResourcesBuildPhase section */

/* Begin PBXSourcesBuildPhase section */
		D542D0A6251619E50003F5D4 /* Sources */ = {
			isa = PBXSourcesBuildPhase;
			buildActionMask = 2147483647;
			files = (
				D5E0A9BC251680EC000E1164 /* BattleViewController.swift in Sources */,
				D542D0FA25161A3F0003F5D4 /* TechMonManager.swift in Sources */,
				D542D0B2251619E50003F5D4 /* ViewController.swift in Sources */,
				D542D0FB25161A3F0003F5D4 /* Character.swift in Sources */,
				D542D105251620640003F5D4 /* LobbyViewController.swift in Sources */,
				D542D0AE251619E50003F5D4 /* AppDelegate.swift in Sources */,
				D542D0B0251619E50003F5D4 /* SceneDelegate.swift in Sources */,
			);
			runOnlyForDeploymentPostprocessing = 0;
		};
		D542D0BC251619E80003F5D4 /* Sources */ = {
			isa = PBXSourcesBuildPhase;
			buildActionMask = 2147483647;
			files = (
				D542D0C5251619E80003F5D4 /* TechMon200919Tests.swift in Sources */,
			);
			runOnlyForDeploymentPostprocessing = 0;
		};
		D542D0C7251619E80003F5D4 /* Sources */ = {
			isa = PBXSourcesBuildPhase;
			buildActionMask = 2147483647;
			files = (
				D542D0D0251619E80003F5D4 /* TechMon200919UITests.swift in Sources */,
			);
			runOnlyForDeploymentPostprocessing = 0;
		};
/* End PBXSourcesBuildPhase section */

/* Begin PBXTargetDependency section */
		D542D0C2251619E80003F5D4 /* PBXTargetDependency */ = {
			isa = PBXTargetDependency;
			target = D542D0A9251619E50003F5D4 /* TechMon200919 */;
			targetProxy = D542D0C1251619E80003F5D4 /* PBXContainerItemProxy */;
		};
		D542D0CD251619E80003F5D4 /* PBXTargetDependency */ = {
			isa = PBXTargetDependency;
			target = D542D0A9251619E50003F5D4 /* TechMon200919 */;
			targetProxy = D542D0CC251619E80003F5D4 /* PBXContainerItemProxy */;
		};
/* End PBXTargetDependency section */

/* Begin PBXVariantGroup section */
		D542D0B3251619E50003F5D4 /* Main.storyboard */ = {
			isa = PBXVariantGroup;
			children = (
				D542D0B4251619E50003F5D4 /* Base */,
			);
			name = Main.storyboard;
			sourceTree = "<group>";
		};
		D542D0B8251619E80003F5D4 /* LaunchScreen.storyboard */ = {
			isa = PBXVariantGroup;
			children = (
				D542D0B9251619E80003F5D4 /* Base */,
			);
			name = LaunchScreen.storyboard;
			sourceTree = "<group>";
		};
/* End PBXVariantGroup section */

/* Begin XCBuildConfiguration section */
		D542D0D2251619E90003F5D4 /* Debug */ = {
			isa = XCBuildConfiguration;
			buildSettings = {
				ALWAYS_SEARCH_USER_PATHS = NO;
				CLANG_ANALYZER_NONNULL = YES;
				CLANG_ANALYZER_NUMBER_OBJECT_CONVERSION = YES_AGGRESSIVE;
				CLANG_CXX_LANGUAGE_STANDARD = "gnu++14";
				CLANG_CXX_LIBRARY = "libc++";
				CLANG_ENABLE_MODULES = YES;
				CLANG_ENABLE_OBJC_ARC = YES;
				CLANG_ENABLE_OBJC_WEAK = YES;
				CLANG_WARN_BLOCK_CAPTURE_AUTORELEASING = YES;
				CLANG_WARN_BOOL_CONVERSION = YES;
				CLANG_WARN_COMMA = YES;
				CLANG_WARN_CONSTANT_CONVERSION = YES;
				CLANG_WARN_DEPRECATED_OBJC_IMPLEMENTATIONS = YES;
				CLANG_WARN_DIRECT_OBJC_ISA_USAGE = YES_ERROR;
				CLANG_WARN_DOCUMENTATION_COMMENTS = YES;
				CLANG_WARN_EMPTY_BODY = YES;
				CLANG_WARN_ENUM_CONVERSION = YES;
				CLANG_WARN_INFINITE_RECURSION = YES;
				CLANG_WARN_INT_CONVERSION = YES;
				CLANG_WARN_NON_LITERAL_NULL_CONVERSION = YES;
				CLANG_WARN_OBJC_IMPLICIT_RETAIN_SELF = YES;
				CLANG_WARN_OBJC_LITERAL_CONVERSION = YES;
				CLANG_WARN_OBJC_ROOT_CLASS = YES_ERROR;
				CLANG_WARN_RANGE_LOOP_ANALYSIS = YES;
				CLANG_WARN_STRICT_PROTOTYPES = YES;
				CLANG_WARN_SUSPICIOUS_MOVE = YES;
				CLANG_WARN_UNGUARDED_AVAILABILITY = YES_AGGRESSIVE;
				CLANG_WARN_UNREACHABLE_CODE = YES;
				CLANG_WARN__DUPLICATE_METHOD_MATCH = YES;
				COPY_PHASE_STRIP = NO;
				DEBUG_INFORMATION_FORMAT = dwarf;
				ENABLE_STRICT_OBJC_MSGSEND = YES;
				ENABLE_TESTABILITY = YES;
				GCC_C_LANGUAGE_STANDARD = gnu11;
				GCC_DYNAMIC_NO_PIC = NO;
				GCC_NO_COMMON_BLOCKS = YES;
				GCC_OPTIMIZATION_LEVEL = 0;
				GCC_PREPROCESSOR_DEFINITIONS = (
					"DEBUG=1",
					"$(inherited)",
				);
				GCC_WARN_64_TO_32_BIT_CONVERSION = YES;
				GCC_WARN_ABOUT_RETURN_TYPE = YES_ERROR;
				GCC_WARN_UNDECLARED_SELECTOR = YES;
				GCC_WARN_UNINITIALIZED_AUTOS = YES_AGGRESSIVE;
				GCC_WARN_UNUSED_FUNCTION = YES;
				GCC_WARN_UNUSED_VARIABLE = YES;
				IPHONEOS_DEPLOYMENT_TARGET = 13.6;
				MTL_ENABLE_DEBUG_INFO = INCLUDE_SOURCE;
				MTL_FAST_MATH = YES;
				ONLY_ACTIVE_ARCH = YES;
				SDKROOT = iphoneos;
				SWIFT_ACTIVE_COMPILATION_CONDITIONS = DEBUG;
				SWIFT_OPTIMIZATION_LEVEL = "-Onone";
			};
			name = Debug;
		};
		D542D0D3251619E90003F5D4 /* Release */ = {
			isa = XCBuildConfiguration;
			buildSettings = {
				ALWAYS_SEARCH_USER_PATHS = NO;
				CLANG_ANALYZER_NONNULL = YES;
				CLANG_ANALYZER_NUMBER_OBJECT_CONVERSION = YES_AGGRESSIVE;
				CLANG_CXX_LANGUAGE_STANDARD = "gnu++14";
				CLANG_CXX_LIBRARY = "libc++";
				CLANG_ENABLE_MODULES = YES;
				CLANG_ENABLE_OBJC_ARC = YES;
				CLANG_ENABLE_OBJC_WEAK = YES;
				CLANG_WARN_BLOCK_CAPTURE_AUTORELEASING = YES;
				CLANG_WARN_BOOL_CONVERSION = YES;
				CLANG_WARN_COMMA = YES;
				CLANG_WARN_CONSTANT_CONVERSION = YES;
				CLANG_WARN_DEPRECATED_OBJC_IMPLEMENTATIONS = YES;
				CLANG_WARN_DIRECT_OBJC_ISA_USAGE = YES_ERROR;
				CLANG_WARN_DOCUMENTATION_COMMENTS = YES;
				CLANG_WARN_EMPTY_BODY = YES;
				CLANG_WARN_ENUM_CONVERSION = YES;
				CLANG_WARN_INFINITE_RECURSION = YES;
				CLANG_WARN_INT_CONVERSION = YES;
				CLANG_WARN_NON_LITERAL_NULL_CONVERSION = YES;
				CLANG_WARN_OBJC_IMPLICIT_RETAIN_SELF = YES;
				CLANG_WARN_OBJC_LITERAL_CONVERSION = YES;
				CLANG_WARN_OBJC_ROOT_CLASS = YES_ERROR;
				CLANG_WARN_RANGE_LOOP_ANALYSIS = YES;
				CLANG_WARN_STRICT_PROTOTYPES = YES;
				CLANG_WARN_SUSPICIOUS_MOVE = YES;
				CLANG_WARN_UNGUARDED_AVAILABILITY = YES_AGGRESSIVE;
				CLANG_WARN_UNREACHABLE_CODE = YES;
				CLANG_WARN__DUPLICATE_METHOD_MATCH = YES;
				COPY_PHASE_STRIP = NO;
				DEBUG_INFORMATION_FORMAT = "dwarf-with-dsym";
				ENABLE_NS_ASSERTIONS = NO;
				ENABLE_STRICT_OBJC_MSGSEND = YES;
				GCC_C_LANGUAGE_STANDARD = gnu11;
				GCC_NO_COMMON_BLOCKS = YES;
				GCC_WARN_64_TO_32_BIT_CONVERSION = YES;
				GCC_WARN_ABOUT_RETURN_TYPE = YES_ERROR;
				GCC_WARN_UNDECLARED_SELECTOR = YES;
				GCC_WARN_UNINITIALIZED_AUTOS = YES_AGGRESSIVE;
				GCC_WARN_UNUSED_FUNCTION = YES;
				GCC_WARN_UNUSED_VARIABLE = YES;
				IPHONEOS_DEPLOYMENT_TARGET = 13.6;
				MTL_ENABLE_DEBUG_INFO = NO;
				MTL_FAST_MATH = YES;
				SDKROOT = iphoneos;
				SWIFT_COMPILATION_MODE = wholemodule;
				SWIFT_OPTIMIZATION_LEVEL = "-O";
				VALIDATE_PRODUCT = YES;
			};
			name = Release;
		};
		D542D0D5251619E90003F5D4 /* Debug */ = {
			isa = XCBuildConfiguration;
			buildSettings = {
				ASSETCATALOG_COMPILER_APPICON_NAME = AppIcon;
				CODE_SIGN_STYLE = Automatic;
				INFOPLIST_FILE = TechMon200919/Info.plist;
				LD_RUNPATH_SEARCH_PATHS = (
					"$(inherited)",
					"@executable_path/Frameworks",
				);
				PRODUCT_BUNDLE_IDENTIFIER = "Shinya-Inomata.TechMon200919";
				PRODUCT_NAME = "$(TARGET_NAME)";
				SWIFT_VERSION = 5.0;
				TARGETED_DEVICE_FAMILY = "1,2";
			};
			name = Debug;
		};
		D542D0D6251619E90003F5D4 /* Release */ = {
			isa = XCBuildConfiguration;
			buildSettings = {
				ASSETCATALOG_COMPILER_APPICON_NAME = AppIcon;
				CODE_SIGN_STYLE = Automatic;
				INFOPLIST_FILE = TechMon200919/Info.plist;
				LD_RUNPATH_SEARCH_PATHS = (
					"$(inherited)",
					"@executable_path/Frameworks",
				);
				PRODUCT_BUNDLE_IDENTIFIER = "Shinya-Inomata.TechMon200919";
				PRODUCT_NAME = "$(TARGET_NAME)";
				SWIFT_VERSION = 5.0;
				TARGETED_DEVICE_FAMILY = "1,2";
			};
			name = Release;
		};
		D542D0D8251619E90003F5D4 /* Debug */ = {
			isa = XCBuildConfiguration;
			buildSettings = {
				ALWAYS_EMBED_SWIFT_STANDARD_LIBRARIES = YES;
				BUNDLE_LOADER = "$(TEST_HOST)";
				CODE_SIGN_STYLE = Automatic;
				INFOPLIST_FILE = TechMon200919Tests/Info.plist;
				IPHONEOS_DEPLOYMENT_TARGET = 13.6;
				LD_RUNPATH_SEARCH_PATHS = (
					"$(inherited)",
					"@executable_path/Frameworks",
					"@loader_path/Frameworks",
				);
				PRODUCT_BUNDLE_IDENTIFIER = "Shinya-Inomata.TechMon200919Tests";
				PRODUCT_NAME = "$(TARGET_NAME)";
				SWIFT_VERSION = 5.0;
				TARGETED_DEVICE_FAMILY = "1,2";
				TEST_HOST = "$(BUILT_PRODUCTS_DIR)/TechMon200919.app/TechMon200919";
			};
			name = Debug;
		};
		D542D0D9251619E90003F5D4 /* Release */ = {
			isa = XCBuildConfiguration;
			buildSettings = {
				ALWAYS_EMBED_SWIFT_STANDARD_LIBRARIES = YES;
				BUNDLE_LOADER = "$(TEST_HOST)";
				CODE_SIGN_STYLE = Automatic;
				INFOPLIST_FILE = TechMon200919Tests/Info.plist;
				IPHONEOS_DEPLOYMENT_TARGET = 13.6;
				LD_RUNPATH_SEARCH_PATHS = (
					"$(inherited)",
					"@executable_path/Frameworks",
					"@loader_path/Frameworks",
				);
				PRODUCT_BUNDLE_IDENTIFIER = "Shinya-Inomata.TechMon200919Tests";
				PRODUCT_NAME = "$(TARGET_NAME)";
				SWIFT_VERSION = 5.0;
				TARGETED_DEVICE_FAMILY = "1,2";
				TEST_HOST = "$(BUILT_PRODUCTS_DIR)/TechMon200919.app/TechMon200919";
			};
			name = Release;
		};
		D542D0DB251619E90003F5D4 /* Debug */ = {
			isa = XCBuildConfiguration;
			buildSettings = {
				ALWAYS_EMBED_SWIFT_STANDARD_LIBRARIES = YES;
				CODE_SIGN_STYLE = Automatic;
				INFOPLIST_FILE = TechMon200919UITests/Info.plist;
				LD_RUNPATH_SEARCH_PATHS = (
					"$(inherited)",
					"@executable_path/Frameworks",
					"@loader_path/Frameworks",
				);
				PRODUCT_BUNDLE_IDENTIFIER = "Shinya-Inomata.TechMon200919UITests";
				PRODUCT_NAME = "$(TARGET_NAME)";
				SWIFT_VERSION = 5.0;
				TARGETED_DEVICE_FAMILY = "1,2";
				TEST_TARGET_NAME = TechMon200919;
			};
			name = Debug;
		};
		D542D0DC251619E90003F5D4 /* Release */ = {
			isa = XCBuildConfiguration;
			buildSettings = {
				ALWAYS_EMBED_SWIFT_STANDARD_LIBRARIES = YES;
				CODE_SIGN_STYLE = Automatic;
				INFOPLIST_FILE = TechMon200919UITests/Info.plist;
				LD_RUNPATH_SEARCH_PATHS = (
					"$(inherited)",
					"@executable_path/Frameworks",
					"@loader_path/Frameworks",
				);
				PRODUCT_BUNDLE_IDENTIFIER = "Shinya-Inomata.TechMon200919UITests";
				PRODUCT_NAME = "$(TARGET_NAME)";
				SWIFT_VERSION = 5.0;
				TARGETED_DEVICE_FAMILY = "1,2";
				TEST_TARGET_NAME = TechMon200919;
			};
			name = Release;
		};
/* End XCBuildConfiguration section */

/* Begin XCConfigurationList section */
		D542D0A5251619E50003F5D4 /* Build configuration list for PBXProject "TechMon200919" */ = {
			isa = XCConfigurationList;
			buildConfigurations = (
				D542D0D2251619E90003F5D4 /* Debug */,
				D542D0D3251619E90003F5D4 /* Release */,
			);
			defaultConfigurationIsVisible = 0;
			defaultConfigurationName = Release;
		};
		D542D0D4251619E90003F5D4 /* Build configuration list for PBXNativeTarget "TechMon200919" */ = {
			isa = XCConfigurationList;
			buildConfigurations = (
				D542D0D5251619E90003F5D4 /* Debug */,
				D542D0D6251619E90003F5D4 /* Release */,
			);
			defaultConfigurationIsVisible = 0;
			defaultConfigurationName = Release;
		};
		D542D0D7251619E90003F5D4 /* Build configuration list for PBXNativeTarget "TechMon200919Tests" */ = {
			isa = XCConfigurationList;
			buildConfigurations = (
				D542D0D8251619E90003F5D4 /* Debug */,
				D542D0D9251619E90003F5D4 /* Release */,
			);
			defaultConfigurationIsVisible = 0;
			defaultConfigurationName = Release;
		};
		D542D0DA251619E90003F5D4 /* Build configuration list for PBXNativeTarget "TechMon200919UITests" */ = {
			isa = XCConfigurationList;
			buildConfigurations = (
				D542D0DB251619E90003F5D4 /* Debug */,
				D542D0DC251619E90003F5D4 /* Release */,
			);
			defaultConfigurationIsVisible = 0;
			defaultConfigurationName = Release;
		};
/* End XCConfigurationList section */
	};
	rootObject = D542D0A2251619E50003F5D4 /* Project object */;
}
